
Microsoft Visual Studio Solution File, Format Version 12.00
# Visual Studio Version 17
VisualStudioVersion = 17.9.34728.123
MinimumVisualStudioVersion = 10.0.40219.1
Project("{9A19103F-16F7-4668-BE54-9A1E7A4F7556}") = "CommandLineInterface", "CommandLineInterface\CommandLineInterface.csproj", "{522D240D-8579-4DE1-94CE-E29ECF9B8855}"
EndProject
Project("{9A19103F-16F7-4668-BE54-9A1E7A4F7556}") = "CommandLineInterface.Abstractions", "CommandLineInterface.Abstractions\CommandLineInterface.Abstractions.csproj", "{13C02407-537F-48B6-80B4-23FB35BEB37B}"
EndProject
Project("{9A19103F-16F7-4668-BE54-9A1E7A4F7556}") = "CommandLineInterface.SourceGenerator", "CommandLineInterface.SourceGenerator\CommandLineInterface.SourceGenerator.csproj", "{9CAA5AE2-ECDD-4887-8873-AC19381C3C92}"
EndProject
Project("{9A19103F-16F7-4668-BE54-9A1E7A4F7556}") = "CommandLineInterface.Blazor", "CommandLineInterface.Blazor\CommandLineInterface.Blazor.csproj", "{60370DF2-240A-4D68-A9B9-15EB355BFC7D}"
EndProject
Project("{FAE04EC0-301F-11D3-BF4B-00C04F79EFBC}") = "CommandLineInterface.Tests", "..\tests\CommandLineInterface.Tests\CommandLineInterface.Tests.csproj", "{F51134BC-B193-4BC1-A027-818C8B2D0CE0}"
EndProject
Global
	GlobalSection(SolutionConfigurationPlatforms) = preSolution
		Debug|Any CPU = Debug|Any CPU
		Release|Any CPU = Release|Any CPU
	EndGlobalSection
	GlobalSection(ProjectConfigurationPlatforms) = postSolution
		{522D240D-8579-4DE1-94CE-E29ECF9B8855}.Debug|Any CPU.ActiveCfg = Debug|Any CPU
		{522D240D-8579-4DE1-94CE-E29ECF9B8855}.Debug|Any CPU.Build.0 = Debug|Any CPU
		{522D240D-8579-4DE1-94CE-E29ECF9B8855}.Release|Any CPU.ActiveCfg = Release|Any CPU
		{522D240D-8579-4DE1-94CE-E29ECF9B8855}.Release|Any CPU.Build.0 = Release|Any CPU
		{13C02407-537F-48B6-80B4-23FB35BEB37B}.Debug|Any CPU.ActiveCfg = Debug|Any CPU
		{13C02407-537F-48B6-80B4-23FB35BEB37B}.Debug|Any CPU.Build.0 = Debug|Any CPU
		{13C02407-537F-48B6-80B4-23FB35BEB37B}.Release|Any CPU.ActiveCfg = Release|Any CPU
		{13C02407-537F-48B6-80B4-23FB35BEB37B}.Release|Any CPU.Build.0 = Release|Any CPU
		{9CAA5AE2-ECDD-4887-8873-AC19381C3C92}.Debug|Any CPU.ActiveCfg = Debug|Any CPU
		{9CAA5AE2-ECDD-4887-8873-AC19381C3C92}.Debug|Any CPU.Build.0 = Debug|Any CPU
		{9CAA5AE2-ECDD-4887-8873-AC19381C3C92}.Release|Any CPU.ActiveCfg = Release|Any CPU
		{9CAA5AE2-ECDD-4887-8873-AC19381C3C92}.Release|Any CPU.Build.0 = Release|Any CPU
		{60370DF2-240A-4D68-A9B9-15EB355BFC7D}.Debug|Any CPU.ActiveCfg = Debug|Any CPU
		{60370DF2-240A-4D68-A9B9-15EB355BFC7D}.Debug|Any CPU.Build.0 = Debug|Any CPU
		{60370DF2-240A-4D68-A9B9-15EB355BFC7D}.Release|Any CPU.ActiveCfg = Release|Any CPU
		{60370DF2-240A-4D68-A9B9-15EB355BFC7D}.Release|Any CPU.Build.0 = Release|Any CPU
		{F51134BC-B193-4BC1-A027-818C8B2D0CE0}.Debug|Any CPU.ActiveCfg = Debug|Any CPU
		{F51134BC-B193-4BC1-A027-818C8B2D0CE0}.Debug|Any CPU.Build.0 = Debug|Any CPU
		{F51134BC-B193-4BC1-A027-818C8B2D0CE0}.Release|Any CPU.ActiveCfg = Release|Any CPU
		{F51134BC-B193-4BC1-A027-818C8B2D0CE0}.Release|Any CPU.Build.0 = Release|Any CPU
	EndGlobalSection
	GlobalSection(SolutionProperties) = preSolution
		HideSolutionNode = FALSE
	EndGlobalSection
	GlobalSection(ExtensibilityGlobals) = postSolution
		SolutionGuid = {4E6D95EB-C6FF-4BC8-9040-8788A2F93F5F}
	EndGlobalSection
EndGlobal
