
Microsoft Visual Studio Solution File, Format Version 12.00
# Visual Studio Version 17
VisualStudioVersion = 17.9.34728.123
MinimumVisualStudioVersion = 10.0.40219.1
Project("{9A19103F-16F7-4668-BE54-9A1E7A4F7556}") = "CommandLineInterface", "CommandLineInterface\CommandLineInterface.csproj", "{522D240D-8579-4DE1-94CE-E29ECF9B8855}"
EndProject
Project("{9A19103F-16F7-4668-BE54-9A1E7A4F7556}") = "CommandLineInterface.Abstractions", "CommandLineInterface.Abstractions\CommandLineInterface.Abstractions.csproj", "{13C02407-537F-48B6-80B4-23FB35BEB37B}"
EndProject
Project("{9A19103F-16F7-4668-BE54-9A1E7A4F7556}") = "CommandLineInterface.SourceGenerator", "CommandLineInterface.SourceGenerator\CommandLineInterface.SourceGenerator.csproj", "{9CAA5AE2-ECDD-4887-8873-AC19381C3C92}"
EndProject
Project("{9A19103F-16F7-4668-BE54-9A1E7A4F7556}") = "CommandLineInterface.Blazor", "CommandLineInterface.Blazor\CommandLineInterface.Blazor.csproj", "{60370DF2-240A-4D68-A9B9-15EB355BFC7D}"
EndProject
Project("{FAE04EC0-301F-11D3-BF4B-00C04F79EFBC}") = "CommandLineInterface.Tests", "..\tests\CommandLineInterface.Tests\CommandLineInterface.Tests.csproj", "{F51134BC-B193-4BC1-A027-818C8B2D0CE0}"
EndProject
Project("{FAE04EC0-301F-11D3-BF4B-00C04F79EFBC}") = "CommandLineInterface.Modules", "CommandLineInterface.Modules\CommandLineInterface.Modules.csproj", "{CAC272E7-95CD-439F-9504-FB997ACB0441}"
EndProject
Project("{FAE04EC0-301F-11D3-BF4B-00C04F79EFBC}") = "CommandLineInterface.Distribution", "CommandLineInterface.Distribution\CommandLineInterface.Distribution.csproj", "{D8A0C44B-3F0E-410D-827F-BA54D999AD3C}"
EndProject
Project("{FAE04EC0-301F-11D3-BF4B-00C04F79EFBC}") = "CommandLineInterface.Launcher", "CommandLineInterface.Launcher\CommandLineInterface.Launcher.csproj", "{253E4E7E-8F8E-4ACE-B987-3435A0943526}"
EndProject
Project("{FAE04EC0-301F-11D3-BF4B-00C04F79EFBC}") = "CommandLineInterface.Registry", "CommandLineInterface.Registry\CommandLineInterface.Registry.csproj", "{437FA4C6-66FB-42AE-B4EC-4215404BD21A}"
EndProject
Project("{FAE04EC0-301F-11D3-BF4B-00C04F79EFBC}") = "CommandLineInterface.Publishing", "CommandLineInterface.Publishing\CommandLineInterface.Publishing.csproj", "{8143B3C8-7CD9-4587-A2AA-AA3A446C3DD3}"
EndProject
Project("{FAE04EC0-301F-11D3-BF4B-00C04F79EFBC}") = "CoreVar.Cli", "CoreVar.Cli\CoreVar.Cli.csproj", "{735DE3BF-3096-4340-87F2-62DF53E9807C}"
EndProject
Global
	GlobalSection(SolutionConfigurationPlatforms) = preSolution
		Debug|Any CPU = Debug|Any CPU
		Debug|x64 = Debug|x64
		Debug|x86 = Debug|x86
		Release|Any CPU = Release|Any CPU
		Release|x64 = Release|x64
		Release|x86 = Release|x86
	EndGlobalSection
	GlobalSection(ProjectConfigurationPlatforms) = postSolution
		{522D240D-8579-4DE1-94CE-E29ECF9B8855}.Debug|Any CPU.ActiveCfg = Debug|Any CPU
		{522D240D-8579-4DE1-94CE-E29ECF9B8855}.Debug|Any CPU.Build.0 = Debug|Any CPU
		{522D240D-8579-4DE1-94CE-E29ECF9B8855}.Debug|x64.ActiveCfg = Debug|Any CPU
		{522D240D-8579-4DE1-94CE-E29ECF9B8855}.Debug|x64.Build.0 = Debug|Any CPU
		{522D240D-8579-4DE1-94CE-E29ECF9B8855}.Debug|x86.ActiveCfg = Debug|Any CPU
		{522D240D-8579-4DE1-94CE-E29ECF9B8855}.Debug|x86.Build.0 = Debug|Any CPU
		{522D240D-8579-4DE1-94CE-E29ECF9B8855}.Release|Any CPU.ActiveCfg = Release|Any CPU
		{522D240D-8579-4DE1-94CE-E29ECF9B8855}.Release|Any CPU.Build.0 = Release|Any CPU
		{522D240D-8579-4DE1-94CE-E29ECF9B8855}.Release|x64.ActiveCfg = Release|Any CPU
		{522D240D-8579-4DE1-94CE-E29ECF9B8855}.Release|x64.Build.0 = Release|Any CPU
		{522D240D-8579-4DE1-94CE-E29ECF9B8855}.Release|x86.ActiveCfg = Release|Any CPU
		{522D240D-8579-4DE1-94CE-E29ECF9B8855}.Release|x86.Build.0 = Release|Any CPU
		{13C02407-537F-48B6-80B4-23FB35BEB37B}.Debug|Any CPU.ActiveCfg = Debug|Any CPU
		{13C02407-537F-48B6-80B4-23FB35BEB37B}.Debug|Any CPU.Build.0 = Debug|Any CPU
		{13C02407-537F-48B6-80B4-23FB35BEB37B}.Debug|x64.ActiveCfg = Debug|Any CPU
		{13C02407-537F-48B6-80B4-23FB35BEB37B}.Debug|x64.Build.0 = Debug|Any CPU
		{13C02407-537F-48B6-80B4-23FB35BEB37B}.Debug|x86.ActiveCfg = Debug|Any CPU
		{13C02407-537F-48B6-80B4-23FB35BEB37B}.Debug|x86.Build.0 = Debug|Any CPU
		{13C02407-537F-48B6-80B4-23FB35BEB37B}.Release|Any CPU.ActiveCfg = Release|Any CPU
		{13C02407-537F-48B6-80B4-23FB35BEB37B}.Release|Any CPU.Build.0 = Release|Any CPU
		{13C02407-537F-48B6-80B4-23FB35BEB37B}.Release|x64.ActiveCfg = Release|Any CPU
		{13C02407-537F-48B6-80B4-23FB35BEB37B}.Release|x64.Build.0 = Release|Any CPU
		{13C02407-537F-48B6-80B4-23FB35BEB37B}.Release|x86.ActiveCfg = Release|Any CPU
		{13C02407-537F-48B6-80B4-23FB35BEB37B}.Release|x86.Build.0 = Release|Any CPU
		{9CAA5AE2-ECDD-4887-8873-AC19381C3C92}.Debug|Any CPU.ActiveCfg = Debug|Any CPU
		{9CAA5AE2-ECDD-4887-8873-AC19381C3C92}.Debug|Any CPU.Build.0 = Debug|Any CPU
		{9CAA5AE2-ECDD-4887-8873-AC19381C3C92}.Debug|x64.ActiveCfg = Debug|Any CPU
		{9CAA5AE2-ECDD-4887-8873-AC19381C3C92}.Debug|x64.Build.0 = Debug|Any CPU
		{9CAA5AE2-ECDD-4887-8873-AC19381C3C92}.Debug|x86.ActiveCfg = Debug|Any CPU
		{9CAA5AE2-ECDD-4887-8873-AC19381C3C92}.Debug|x86.Build.0 = Debug|Any CPU
		{9CAA5AE2-ECDD-4887-8873-AC19381C3C92}.Release|Any CPU.ActiveCfg = Release|Any CPU
		{9CAA5AE2-ECDD-4887-8873-AC19381C3C92}.Release|Any CPU.Build.0 = Release|Any CPU
		{9CAA5AE2-ECDD-4887-8873-AC19381C3C92}.Release|x64.ActiveCfg = Release|Any CPU
		{9CAA5AE2-ECDD-4887-8873-AC19381C3C92}.Release|x64.Build.0 = Release|Any CPU
		{9CAA5AE2-ECDD-4887-8873-AC19381C3C92}.Release|x86.ActiveCfg = Release|Any CPU
		{9CAA5AE2-ECDD-4887-8873-AC19381C3C92}.Release|x86.Build.0 = Release|Any CPU
		{60370DF2-240A-4D68-A9B9-15EB355BFC7D}.Debug|Any CPU.ActiveCfg = Debug|Any CPU
		{60370DF2-240A-4D68-A9B9-15EB355BFC7D}.Debug|Any CPU.Build.0 = Debug|Any CPU
		{60370DF2-240A-4D68-A9B9-15EB355BFC7D}.Debug|x64.ActiveCfg = Debug|Any CPU
		{60370DF2-240A-4D68-A9B9-15EB355BFC7D}.Debug|x64.Build.0 = Debug|Any CPU
		{60370DF2-240A-4D68-A9B9-15EB355BFC7D}.Debug|x86.ActiveCfg = Debug|Any CPU
		{60370DF2-240A-4D68-A9B9-15EB355BFC7D}.Debug|x86.Build.0 = Debug|Any CPU
		{60370DF2-240A-4D68-A9B9-15EB355BFC7D}.Release|Any CPU.ActiveCfg = Release|Any CPU
		{60370DF2-240A-4D68-A9B9-15EB355BFC7D}.Release|Any CPU.Build.0 = Release|Any CPU
		{60370DF2-240A-4D68-A9B9-15EB355BFC7D}.Release|x64.ActiveCfg = Release|Any CPU
		{60370DF2-240A-4D68-A9B9-15EB355BFC7D}.Release|x64.Build.0 = Release|Any CPU
		{60370DF2-240A-4D68-A9B9-15EB355BFC7D}.Release|x86.ActiveCfg = Release|Any CPU
		{60370DF2-240A-4D68-A9B9-15EB355BFC7D}.Release|x86.Build.0 = Release|Any CPU
		{F51134BC-B193-4BC1-A027-818C8B2D0CE0}.Debug|Any CPU.ActiveCfg = Debug|Any CPU
		{F51134BC-B193-4BC1-A027-818C8B2D0CE0}.Debug|Any CPU.Build.0 = Debug|Any CPU
		{F51134BC-B193-4BC1-A027-818C8B2D0CE0}.Debug|x64.ActiveCfg = Debug|Any CPU
		{F51134BC-B193-4BC1-A027-818C8B2D0CE0}.Debug|x64.Build.0 = Debug|Any CPU
		{F51134BC-B193-4BC1-A027-818C8B2D0CE0}.Debug|x86.ActiveCfg = Debug|Any CPU
		{F51134BC-B193-4BC1-A027-818C8B2D0CE0}.Debug|x86.Build.0 = Debug|Any CPU
		{F51134BC-B193-4BC1-A027-818C8B2D0CE0}.Release|Any CPU.ActiveCfg = Release|Any CPU
		{F51134BC-B193-4BC1-A027-818C8B2D0CE0}.Release|Any CPU.Build.0 = Release|Any CPU
		{F51134BC-B193-4BC1-A027-818C8B2D0CE0}.Release|x64.ActiveCfg = Release|Any CPU
		{F51134BC-B193-4BC1-A027-818C8B2D0CE0}.Release|x64.Build.0 = Release|Any CPU
		{F51134BC-B193-4BC1-A027-818C8B2D0CE0}.Release|x86.ActiveCfg = Release|Any CPU
		{F51134BC-B193-4BC1-A027-818C8B2D0CE0}.Release|x86.Build.0 = Release|Any CPU
		{CAC272E7-95CD-439F-9504-FB997ACB0441}.Debug|Any CPU.ActiveCfg = Debug|Any CPU
		{CAC272E7-95CD-439F-9504-FB997ACB0441}.Debug|Any CPU.Build.0 = Debug|Any CPU
		{CAC272E7-95CD-439F-9504-FB997ACB0441}.Debug|x64.ActiveCfg = Debug|Any CPU
		{CAC272E7-95CD-439F-9504-FB997ACB0441}.Debug|x64.Build.0 = Debug|Any CPU
		{CAC272E7-95CD-439F-9504-FB997ACB0441}.Debug|x86.ActiveCfg = Debug|Any CPU
		{CAC272E7-95CD-439F-9504-FB997ACB0441}.Debug|x86.Build.0 = Debug|Any CPU
		{CAC272E7-95CD-439F-9504-FB997ACB0441}.Release|Any CPU.ActiveCfg = Release|Any CPU
		{CAC272E7-95CD-439F-9504-FB997ACB0441}.Release|Any CPU.Build.0 = Release|Any CPU
		{CAC272E7-95CD-439F-9504-FB997ACB0441}.Release|x64.ActiveCfg = Release|Any CPU
		{CAC272E7-95CD-439F-9504-FB997ACB0441}.Release|x64.Build.0 = Release|Any CPU
		{CAC272E7-95CD-439F-9504-FB997ACB0441}.Release|x86.ActiveCfg = Release|Any CPU
		{CAC272E7-95CD-439F-9504-FB997ACB0441}.Release|x86.Build.0 = Release|Any CPU
		{D8A0C44B-3F0E-410D-827F-BA54D999AD3C}.Debug|Any CPU.ActiveCfg = Debug|Any CPU
		{D8A0C44B-3F0E-410D-827F-BA54D999AD3C}.Debug|Any CPU.Build.0 = Debug|Any CPU
		{D8A0C44B-3F0E-410D-827F-BA54D999AD3C}.Debug|x64.ActiveCfg = Debug|Any CPU
		{D8A0C44B-3F0E-410D-827F-BA54D999AD3C}.Debug|x64.Build.0 = Debug|Any CPU
		{D8A0C44B-3F0E-410D-827F-BA54D999AD3C}.Debug|x86.ActiveCfg = Debug|Any CPU
		{D8A0C44B-3F0E-410D-827F-BA54D999AD3C}.Debug|x86.Build.0 = Debug|Any CPU
		{D8A0C44B-3F0E-410D-827F-BA54D999AD3C}.Release|Any CPU.ActiveCfg = Release|Any CPU
		{D8A0C44B-3F0E-410D-827F-BA54D999AD3C}.Release|Any CPU.Build.0 = Release|Any CPU
		{D8A0C44B-3F0E-410D-827F-BA54D999AD3C}.Release|x64.ActiveCfg = Release|Any CPU
		{D8A0C44B-3F0E-410D-827F-BA54D999AD3C}.Release|x64.Build.0 = Release|Any CPU
		{D8A0C44B-3F0E-410D-827F-BA54D999AD3C}.Release|x86.ActiveCfg = Release|Any CPU
		{D8A0C44B-3F0E-410D-827F-BA54D999AD3C}.Release|x86.Build.0 = Release|Any CPU
		{253E4E7E-8F8E-4ACE-B987-3435A0943526}.Debug|Any CPU.ActiveCfg = Debug|Any CPU
		{253E4E7E-8F8E-4ACE-B987-3435A0943526}.Debug|Any CPU.Build.0 = Debug|Any CPU
		{253E4E7E-8F8E-4ACE-B987-3435A0943526}.Debug|x64.ActiveCfg = Debug|Any CPU
		{253E4E7E-8F8E-4ACE-B987-3435A0943526}.Debug|x64.Build.0 = Debug|Any CPU
		{253E4E7E-8F8E-4ACE-B987-3435A0943526}.Debug|x86.ActiveCfg = Debug|Any CPU
		{253E4E7E-8F8E-4ACE-B987-3435A0943526}.Debug|x86.Build.0 = Debug|Any CPU
		{253E4E7E-8F8E-4ACE-B987-3435A0943526}.Release|Any CPU.ActiveCfg = Release|Any CPU
		{253E4E7E-8F8E-4ACE-B987-3435A0943526}.Release|Any CPU.Build.0 = Release|Any CPU
		{253E4E7E-8F8E-4ACE-B987-3435A0943526}.Release|x64.ActiveCfg = Release|Any CPU
		{253E4E7E-8F8E-4ACE-B987-3435A0943526}.Release|x64.Build.0 = Release|Any CPU
		{253E4E7E-8F8E-4ACE-B987-3435A0943526}.Release|x86.ActiveCfg = Release|Any CPU
		{253E4E7E-8F8E-4ACE-B987-3435A0943526}.Release|x86.Build.0 = Release|Any CPU
		{437FA4C6-66FB-42AE-B4EC-4215404BD21A}.Debug|Any CPU.ActiveCfg = Debug|Any CPU
		{437FA4C6-66FB-42AE-B4EC-4215404BD21A}.Debug|Any CPU.Build.0 = Debug|Any CPU
		{437FA4C6-66FB-42AE-B4EC-4215404BD21A}.Debug|x64.ActiveCfg = Debug|Any CPU
		{437FA4C6-66FB-42AE-B4EC-4215404BD21A}.Debug|x64.Build.0 = Debug|Any CPU
		{437FA4C6-66FB-42AE-B4EC-4215404BD21A}.Debug|x86.ActiveCfg = Debug|Any CPU
		{437FA4C6-66FB-42AE-B4EC-4215404BD21A}.Debug|x86.Build.0 = Debug|Any CPU
		{437FA4C6-66FB-42AE-B4EC-4215404BD21A}.Release|Any CPU.ActiveCfg = Release|Any CPU
		{437FA4C6-66FB-42AE-B4EC-4215404BD21A}.Release|Any CPU.Build.0 = Release|Any CPU
		{437FA4C6-66FB-42AE-B4EC-4215404BD21A}.Release|x64.ActiveCfg = Release|Any CPU
		{437FA4C6-66FB-42AE-B4EC-4215404BD21A}.Release|x64.Build.0 = Release|Any CPU
		{437FA4C6-66FB-42AE-B4EC-4215404BD21A}.Release|x86.ActiveCfg = Release|Any CPU
		{437FA4C6-66FB-42AE-B4EC-4215404BD21A}.Release|x86.Build.0 = Release|Any CPU
		{8143B3C8-7CD9-4587-A2AA-AA3A446C3DD3}.Debug|Any CPU.ActiveCfg = Debug|Any CPU
		{8143B3C8-7CD9-4587-A2AA-AA3A446C3DD3}.Debug|Any CPU.Build.0 = Debug|Any CPU
		{8143B3C8-7CD9-4587-A2AA-AA3A446C3DD3}.Debug|x64.ActiveCfg = Debug|Any CPU
		{8143B3C8-7CD9-4587-A2AA-AA3A446C3DD3}.Debug|x64.Build.0 = Debug|Any CPU
		{8143B3C8-7CD9-4587-A2AA-AA3A446C3DD3}.Debug|x86.ActiveCfg = Debug|Any CPU
		{8143B3C8-7CD9-4587-A2AA-AA3A446C3DD3}.Debug|x86.Build.0 = Debug|Any CPU
		{8143B3C8-7CD9-4587-A2AA-AA3A446C3DD3}.Release|Any CPU.ActiveCfg = Release|Any CPU
		{8143B3C8-7CD9-4587-A2AA-AA3A446C3DD3}.Release|Any CPU.Build.0 = Release|Any CPU
		{8143B3C8-7CD9-4587-A2AA-AA3A446C3DD3}.Release|x64.ActiveCfg = Release|Any CPU
		{8143B3C8-7CD9-4587-A2AA-AA3A446C3DD3}.Release|x64.Build.0 = Release|Any CPU
		{8143B3C8-7CD9-4587-A2AA-AA3A446C3DD3}.Release|x86.ActiveCfg = Release|Any CPU
		{8143B3C8-7CD9-4587-A2AA-AA3A446C3DD3}.Release|x86.Build.0 = Release|Any CPU
		{735DE3BF-3096-4340-87F2-62DF53E9807C}.Debug|Any CPU.ActiveCfg = Debug|Any CPU
		{735DE3BF-3096-4340-87F2-62DF53E9807C}.Debug|Any CPU.Build.0 = Debug|Any CPU
		{735DE3BF-3096-4340-87F2-62DF53E9807C}.Debug|x64.ActiveCfg = Debug|Any CPU
		{735DE3BF-3096-4340-87F2-62DF53E9807C}.Debug|x64.Build.0 = Debug|Any CPU
		{735DE3BF-3096-4340-87F2-62DF53E9807C}.Debug|x86.ActiveCfg = Debug|Any CPU
		{735DE3BF-3096-4340-87F2-62DF53E9807C}.Debug|x86.Build.0 = Debug|Any CPU
		{735DE3BF-3096-4340-87F2-62DF53E9807C}.Release|Any CPU.ActiveCfg = Release|Any CPU
		{735DE3BF-3096-4340-87F2-62DF53E9807C}.Release|Any CPU.Build.0 = Release|Any CPU
		{735DE3BF-3096-4340-87F2-62DF53E9807C}.Release|x64.ActiveCfg = Release|Any CPU
		{735DE3BF-3096-4340-87F2-62DF53E9807C}.Release|x64.Build.0 = Release|Any CPU
		{735DE3BF-3096-4340-87F2-62DF53E9807C}.Release|x86.ActiveCfg = Release|Any CPU
		{735DE3BF-3096-4340-87F2-62DF53E9807C}.Release|x86.Build.0 = Release|Any CPU
	EndGlobalSection
	GlobalSection(SolutionProperties) = preSolution
		HideSolutionNode = FALSE
	EndGlobalSection
	GlobalSection(ExtensibilityGlobals) = postSolution
		SolutionGuid = {4E6D95EB-C6FF-4BC8-9040-8788A2F93F5F}
	EndGlobalSection
EndGlobal
