
Microsoft Visual Studio Solution File, Format Version 12.00
# Visual Studio Version 17
VisualStudioVersion = 17.9.34728.123
MinimumVisualStudioVersion = 10.0.40219.1
Project("{9A19103F-16F7-4668-BE54-9A1E7A4F7556}") = "CommandLineInterface", "..\..\src\CommandLineInterface\CommandLineInterface.csproj", "{4D46CA35-5F77-415F-BA46-C13760DC6EBB}"
EndProject
Project("{9A19103F-16F7-4668-BE54-9A1E7A4F7556}") = "CommandLineInterface.Abstractions", "..\..\src\CommandLineInterface.Abstractions\CommandLineInterface.Abstractions.csproj", "{DC3C5206-2F1B-449B-8471-0BDBB0EC6476}"
EndProject
Project("{9A19103F-16F7-4668-BE54-9A1E7A4F7556}") = "CommandLineInterface.SourceGenerator", "..\..\src\CommandLineInterface.SourceGenerator\CommandLineInterface.SourceGenerator.csproj", "{4B02A14B-C481-4700-B8D7-B4B0D61F29BC}"
EndProject
Project("{9A19103F-16F7-4668-BE54-9A1E7A4F7556}") = "01 - AspNetCore", "01 - AspNetCore\01 - AspNetCore.csproj", "{1538055B-2A5F-4616-8AD8-B32A166447A9}"
EndProject
Project("{9A19103F-16F7-4668-BE54-9A1E7A4F7556}") = "02 - BlazorServer", "02 - BlazorServer\02 - BlazorServer.csproj", "{996E234B-1802-44C3-B125-1E489B87144C}"
EndProject
Global
	GlobalSection(SolutionConfigurationPlatforms) = preSolution
		Debug|Any CPU = Debug|Any CPU
		Release|Any CPU = Release|Any CPU
	EndGlobalSection
	GlobalSection(ProjectConfigurationPlatforms) = postSolution
		{4D46CA35-5F77-415F-BA46-C13760DC6EBB}.Debug|Any CPU.ActiveCfg = Debug|Any CPU
		{4D46CA35-5F77-415F-BA46-C13760DC6EBB}.Debug|Any CPU.Build.0 = Debug|Any CPU
		{4D46CA35-5F77-415F-BA46-C13760DC6EBB}.Release|Any CPU.ActiveCfg = Release|Any CPU
		{4D46CA35-5F77-415F-BA46-C13760DC6EBB}.Release|Any CPU.Build.0 = Release|Any CPU
		{DC3C5206-2F1B-449B-8471-0BDBB0EC6476}.Debug|Any CPU.ActiveCfg = Debug|Any CPU
		{DC3C5206-2F1B-449B-8471-0BDBB0EC6476}.Debug|Any CPU.Build.0 = Debug|Any CPU
		{DC3C5206-2F1B-449B-8471-0BDBB0EC6476}.Release|Any CPU.ActiveCfg = Release|Any CPU
		{DC3C5206-2F1B-449B-8471-0BDBB0EC6476}.Release|Any CPU.Build.0 = Release|Any CPU
		{4B02A14B-C481-4700-B8D7-B4B0D61F29BC}.Debug|Any CPU.ActiveCfg = Debug|Any CPU
		{4B02A14B-C481-4700-B8D7-B4B0D61F29BC}.Debug|Any CPU.Build.0 = Debug|Any CPU
		{4B02A14B-C481-4700-B8D7-B4B0D61F29BC}.Release|Any CPU.ActiveCfg = Release|Any CPU
		{4B02A14B-C481-4700-B8D7-B4B0D61F29BC}.Release|Any CPU.Build.0 = Release|Any CPU
		{1538055B-2A5F-4616-8AD8-B32A166447A9}.Debug|Any CPU.ActiveCfg = Debug|Any CPU
		{1538055B-2A5F-4616-8AD8-B32A166447A9}.Debug|Any CPU.Build.0 = Debug|Any CPU
		{1538055B-2A5F-4616-8AD8-B32A166447A9}.Release|Any CPU.ActiveCfg = Release|Any CPU
		{1538055B-2A5F-4616-8AD8-B32A166447A9}.Release|Any CPU.Build.0 = Release|Any CPU
		{996E234B-1802-44C3-B125-1E489B87144C}.Debug|Any CPU.ActiveCfg = Debug|Any CPU
		{996E234B-1802-44C3-B125-1E489B87144C}.Debug|Any CPU.Build.0 = Debug|Any CPU
		{996E234B-1802-44C3-B125-1E489B87144C}.Release|Any CPU.ActiveCfg = Release|Any CPU
		{996E234B-1802-44C3-B125-1E489B87144C}.Release|Any CPU.Build.0 = Release|Any CPU
	EndGlobalSection
	GlobalSection(SolutionProperties) = preSolution
		HideSolutionNode = FALSE
	EndGlobalSection
	GlobalSection(ExtensibilityGlobals) = postSolution
		SolutionGuid = {3D22AB1B-B0B0-4A8B-921B-32559729967C}
	EndGlobalSection
EndGlobal
